
Microsoft Visual Studio Solution File, Format Version 12.00
# Visual Studio Version 17
VisualStudioVersion = 17.13.35825.156 d17.13
MinimumVisualStudioVersion = 10.0.40219.1
Project("{FAE04EC0-301F-11D3-BF4B-00C04F79EFBC}") = "POSShared", "POSShared\POSShared.csproj", "{892DF625-A244-47AE-B70C-8D83B0D1D3E7}"
EndProject
Project("{FAE04EC0-301F-11D3-BF4B-00C04F79EFBC}") = "POSBackend", "POSBackend\POSBackend.csproj", "{9CACBEA9-EBFC-4B66-A269-B4928A352A99}"
EndProject
Project("{FAE04EC0-301F-11D3-BF4B-00C04F79EFBC}") = "POSFrontend", "POSFrontend\POSFrontend.csproj", "{A5452378-2B7D-47CE-B54C-E475F2816C45}"
EndProject
Global
	GlobalSection(SolutionConfigurationPlatforms) = preSolution
		Debug|Any CPU = Debug|Any CPU
		Release|Any CPU = Release|Any CPU
	EndGlobalSection
	GlobalSection(ProjectConfigurationPlatforms) = postSolution
		{892DF625-A244-47AE-B70C-8D83B0D1D3E7}.Debug|Any CPU.ActiveCfg = Debug|Any CPU
		{892DF625-A244-47AE-B70C-8D83B0D1D3E7}.Debug|Any CPU.Build.0 = Debug|Any CPU
		{892DF625-A244-47AE-B70C-8D83B0D1D3E7}.Release|Any CPU.ActiveCfg = Release|Any CPU
		{892DF625-A244-47AE-B70C-8D83B0D1D3E7}.Release|Any CPU.Build.0 = Release|Any CPU
		{9CACBEA9-EBFC-4B66-A269-B4928A352A99}.Debug|Any CPU.ActiveCfg = Debug|Any CPU
		{9CACBEA9-EBFC-4B66-A269-B4928A352A99}.Debug|Any CPU.Build.0 = Debug|Any CPU
		{9CACBEA9-EBFC-4B66-A269-B4928A352A99}.Release|Any CPU.ActiveCfg = Release|Any CPU
		{9CACBEA9-EBFC-4B66-A269-B4928A352A99}.Release|Any CPU.Build.0 = Release|Any CPU
		{A5452378-2B7D-47CE-B54C-E475F2816C45}.Debug|Any CPU.ActiveCfg = Debug|Any CPU
		{A5452378-2B7D-47CE-B54C-E475F2816C45}.Debug|Any CPU.Build.0 = Debug|Any CPU
		{A5452378-2B7D-47CE-B54C-E475F2816C45}.Release|Any CPU.ActiveCfg = Release|Any CPU
		{A5452378-2B7D-47CE-B54C-E475F2816C45}.Release|Any CPU.Build.0 = Release|Any CPU
	EndGlobalSection
	GlobalSection(SolutionProperties) = preSolution
		HideSolutionNode = FALSE
	EndGlobalSection
	GlobalSection(ExtensibilityGlobals) = postSolution
		SolutionGuid = {F43C3007-BEF6-4DAB-A8E8-7C99A024C6E6}
	EndGlobalSection
EndGlobal
