Microsoft Visual Studio Solution File, Format Version 12.00
# Visual Studio Version 17
VisualStudioVersion = 17.5.2.0
MinimumVisualStudioVersion = 10.0.40219.1
Project("{FAE04EC0-301F-11D3-BF4B-00C04F79EFBC}") = "POSFrontend", "POSFrontend.csproj", "{F2A584FD-965A-053B-0D05-8FBC5459AF64}"
EndProject
Global
	GlobalSection(SolutionConfigurationPlatforms) = preSolution
		Debug|Any CPU = Debug|Any CPU
		Release|Any CPU = Release|Any CPU
	EndGlobalSection
	GlobalSection(ProjectConfigurationPlatforms) = postSolution
		{F2A584FD-965A-053B-0D05-8FBC5459AF64}.Debug|Any CPU.ActiveCfg = Debug|Any CPU
		{F2A584FD-965A-053B-0D05-8FBC5459AF64}.Debug|Any CPU.Build.0 = Debug|Any CPU
		{F2A584FD-965A-053B-0D05-8FBC5459AF64}.Release|Any CPU.ActiveCfg = Release|Any CPU
		{F2A584FD-965A-053B-0D05-8FBC5459AF64}.Release|Any CPU.Build.0 = Release|Any CPU
	EndGlobalSection
	GlobalSection(SolutionProperties) = preSolution
		HideSolutionNode = FALSE
	EndGlobalSection
	GlobalSection(ExtensibilityGlobals) = postSolution
		SolutionGuid = {5B2F6CBB-2F2C-41BC-873C-5C26D9BB0068}
	EndGlobalSection
EndGlobal
